
Microsoft Visual Studio Solution File, Format Version 12.00
# Visual Studio Version 17
VisualStudioVersion = 17.3.32811.315
MinimumVisualStudioVersion = 10.0.40219.1
Project("{FAE04EC0-301F-11D3-BF4B-00C04F79EFBC}") = "determinant", "determinant\determinant.csproj", "{F4B56385-734C-454A-B067-9A429039E8C0}"
EndProject
Global
	GlobalSection(SolutionConfigurationPlatforms) = preSolution
		Debug|Any CPU = Debug|Any CPU
		Release|Any CPU = Release|Any CPU
	EndGlobalSection
	GlobalSection(ProjectConfigurationPlatforms) = postSolution
		{F4B56385-734C-454A-B067-9A429039E8C0}.Debug|Any CPU.ActiveCfg = Debug|Any CPU
		{F4B56385-734C-454A-B067-9A429039E8C0}.Debug|Any CPU.Build.0 = Debug|Any CPU
		{F4B56385-734C-454A-B067-9A429039E8C0}.Release|Any CPU.ActiveCfg = Release|Any CPU
		{F4B56385-734C-454A-B067-9A429039E8C0}.Release|Any CPU.Build.0 = Release|Any CPU
	EndGlobalSection
	GlobalSection(SolutionProperties) = preSolution
		HideSolutionNode = FALSE
	EndGlobalSection
	GlobalSection(ExtensibilityGlobals) = postSolution
		SolutionGuid = {0FA96DB7-81B5-4EB8-AA8C-120FD974386C}
	EndGlobalSection
EndGlobal
